
Microsoft Visual Studio Solution File, Format Version 12.00
# Visual Studio Version 17
VisualStudioVersion = 17.10.35122.118
MinimumVisualStudioVersion = 10.0.40219.1
Project("{FAE04EC0-301F-11D3-BF4B-00C04F79EFBC}") = "Aplicativo_de_cadastro", "Aplicativo_de_cadastro\Aplicativo_de_cadastro.csproj", "{ECE14E76-F6E1-4F46-86B4-9134517D6326}"
EndProject
Global
	GlobalSection(SolutionConfigurationPlatforms) = preSolution
		Debug|Any CPU = Debug|Any CPU
		Release|Any CPU = Release|Any CPU
	EndGlobalSection
	GlobalSection(ProjectConfigurationPlatforms) = postSolution
		{ECE14E76-F6E1-4F46-86B4-9134517D6326}.Debug|Any CPU.ActiveCfg = Debug|Any CPU
		{ECE14E76-F6E1-4F46-86B4-9134517D6326}.Debug|Any CPU.Build.0 = Debug|Any CPU
		{ECE14E76-F6E1-4F46-86B4-9134517D6326}.Release|Any CPU.ActiveCfg = Release|Any CPU
		{ECE14E76-F6E1-4F46-86B4-9134517D6326}.Release|Any CPU.Build.0 = Release|Any CPU
	EndGlobalSection
	GlobalSection(SolutionProperties) = preSolution
		HideSolutionNode = FALSE
	EndGlobalSection
	GlobalSection(ExtensibilityGlobals) = postSolution
		SolutionGuid = {CC60010F-86DD-420A-9CCC-54629A7E789F}
	EndGlobalSection
EndGlobal
