
Microsoft Visual Studio Solution File, Format Version 12.00
# Visual Studio Version 17
VisualStudioVersion = 17.11.35208.52
MinimumVisualStudioVersion = 10.0.40219.1
Project("{FAE04EC0-301F-11D3-BF4B-00C04F79EFBC}") = "Projeto_5", "Projeto_5\Projeto_5.csproj", "{501778FB-339A-445D-B51B-D70519246469}"
EndProject
Global
	GlobalSection(SolutionConfigurationPlatforms) = preSolution
		Debug|Any CPU = Debug|Any CPU
		Release|Any CPU = Release|Any CPU
	EndGlobalSection
	GlobalSection(ProjectConfigurationPlatforms) = postSolution
		{501778FB-339A-445D-B51B-D70519246469}.Debug|Any CPU.ActiveCfg = Debug|Any CPU
		{501778FB-339A-445D-B51B-D70519246469}.Debug|Any CPU.Build.0 = Debug|Any CPU
		{501778FB-339A-445D-B51B-D70519246469}.Release|Any CPU.ActiveCfg = Release|Any CPU
		{501778FB-339A-445D-B51B-D70519246469}.Release|Any CPU.Build.0 = Release|Any CPU
	EndGlobalSection
	GlobalSection(SolutionProperties) = preSolution
		HideSolutionNode = FALSE
	EndGlobalSection
	GlobalSection(ExtensibilityGlobals) = postSolution
		SolutionGuid = {FFF1E4FE-9C73-43B1-A9AD-482E27AF6E17}
	EndGlobalSection
EndGlobal
